// !$*UTF8*$!
{
	archiveVersion = 1;
	classes = {
	};
	objectVersion = 50;
	objects = {

/* Begin PBXBuildFile section */
		9535F0DF21354E2400EA17EA /* AppDelegate.m in Sources */ = {isa = PBXBuildFile; fileRef = 9535F0DE21354E2400EA17EA /* AppDelegate.m */; };
		9535F0E221354E2400EA17EA /* ViewController.m in Sources */ = {isa = PBXBuildFile; fileRef = 9535F0E121354E2400EA17EA /* ViewController.m */; };
		9535F0E521354E2400EA17EA /* Main.storyboard in Resources */ = {isa = PBXBuildFile; fileRef = 9535F0E321354E2400EA17EA /* Main.storyboard */; };
		9535F0E721354E2600EA17EA /* Assets.xcassets in Resources */ = {isa = PBXBuildFile; fileRef = 9535F0E621354E2600EA17EA /* Assets.xcassets */; };
		9535F0EA21354E2600EA17EA /* LaunchScreen.storyboard in Resources */ = {isa = PBXBuildFile; fileRef = 9535F0E821354E2600EA17EA /* LaunchScreen.storyboard */; };
		9535F0ED21354E2600EA17EA /* main.m in Sources */ = {isa = PBXBuildFile; fileRef = 9535F0EC21354E2600EA17EA /* main.m */; };
		9535F0F921354F2A00EA17EA /* ChXParallaxAnimatedView.m in Sources */ = {isa = PBXBuildFile; fileRef = 9535F0F821354F2A00EA17EA /* ChXParallaxAnimatedView.m */; };
/* End PBXBuildFile section */

/* Begin PBXFileReference section */
		9535F0DA21354E2300EA17EA /* ChXParallaxScrollViewDemo.app */ = {isa = PBXFileReference; explicitFileType = wrapper.application; includeInIndex = 0; path = ChXParallaxScrollViewDemo.app; sourceTree = BUILT_PRODUCTS_DIR; };
		9535F0DD21354E2400EA17EA /* AppDelegate.h */ = {isa = PBXFileReference; lastKnownFileType = sourcecode.c.h; path = AppDelegate.h; sourceTree = "<group>"; };
		9535F0DE21354E2400EA17EA /* AppDelegate.m */ = {isa = PBXFileReference; lastKnownFileType = sourcecode.c.objc; path = AppDelegate.m; sourceTree = "<group>"; };
		9535F0E021354E2400EA17EA /* ViewController.h */ = {isa = PBXFileReference; lastKnownFileType = sourcecode.c.h; path = ViewController.h; sourceTree = "<group>"; };
		9535F0E121354E2400EA17EA /* ViewController.m */ = {isa = PBXFileReference; lastKnownFileType = sourcecode.c.objc; path = ViewController.m; sourceTree = "<group>"; };
		9535F0E421354E2400EA17EA /* Base */ = {isa = PBXFileReference; lastKnownFileType = file.storyboard; name = Base; path = Base.lproj/Main.storyboard; sourceTree = "<group>"; };
		9535F0E621354E2600EA17EA /* Assets.xcassets */ = {isa = PBXFileReference; lastKnownFileType = folder.assetcatalog; path = Assets.xcassets; sourceTree = "<group>"; };
		9535F0E921354E2600EA17EA /* Base */ = {isa = PBXFileReference; lastKnownFileType = file.storyboard; name = Base; path = Base.lproj/LaunchScreen.storyboard; sourceTree = "<group>"; };
		9535F0EB21354E2600EA17EA /* Info.plist */ = {isa = PBXFileReference; lastKnownFileType = text.plist.xml; path = Info.plist; sourceTree = "<group>"; };
		9535F0EC21354E2600EA17EA /* main.m */ = {isa = PBXFileReference; lastKnownFileType = sourcecode.c.objc; path = main.m; sourceTree = "<group>"; };
		9535F0F721354F2A00EA17EA /* ChXParallaxAnimatedView.h */ = {isa = PBXFileReference; lastKnownFileType = sourcecode.c.h; path = ChXParallaxAnimatedView.h; sourceTree = "<group>"; };
		9535F0F821354F2A00EA17EA /* ChXParallaxAnimatedView.m */ = {isa = PBXFileReference; lastKnownFileType = sourcecode.c.objc; path = ChXParallaxAnimatedView.m; sourceTree = "<group>"; };
/* End PBXFileReference section */

/* Begin PBXFrameworksBuildPhase section */
		9535F0D721354E2300EA17EA /* Frameworks */ = {
			isa = PBXFrameworksBuildPhase;
			buildActionMask = 2147483647;
			files = (
			);
			runOnlyForDeploymentPostprocessing = 0;
		};
/* End PBXFrameworksBuildPhase section */

/* Begin PBXGroup section */
		9535F0D121354E2300EA17EA = {
			isa = PBXGroup;
			children = (
				9535F0DC21354E2300EA17EA /* ChXParallaxScrollViewDemo */,
				9535F0DB21354E2300EA17EA /* Products */,
			);
			sourceTree = "<group>";
		};
		9535F0DB21354E2300EA17EA /* Products */ = {
			isa = PBXGroup;
			children = (
				9535F0DA21354E2300EA17EA /* ChXParallaxScrollViewDemo.app */,
			);
			name = Products;
			sourceTree = "<group>";
		};
		9535F0DC21354E2300EA17EA /* ChXParallaxScrollViewDemo */ = {
			isa = PBXGroup;
			children = (
				9535F0F321354E7000EA17EA /* ParallaxAnimatedView(视差动画视图) */,
				9535F0DD21354E2400EA17EA /* AppDelegate.h */,
				9535F0DE21354E2400EA17EA /* AppDelegate.m */,
				9535F0E021354E2400EA17EA /* ViewController.h */,
				9535F0E121354E2400EA17EA /* ViewController.m */,
				9535F0E321354E2400EA17EA /* Main.storyboard */,
				9535F0E621354E2600EA17EA /* Assets.xcassets */,
				9535F0E821354E2600EA17EA /* LaunchScreen.storyboard */,
				9535F0EB21354E2600EA17EA /* Info.plist */,
				9535F0EC21354E2600EA17EA /* main.m */,
			);
			path = ChXParallaxScrollViewDemo;
			sourceTree = "<group>";
		};
		9535F0F321354E7000EA17EA /* ParallaxAnimatedView(视差动画视图) */ = {
			isa = PBXGroup;
			children = (
				9535F0F721354F2A00EA17EA /* ChXParallaxAnimatedView.h */,
				9535F0F821354F2A00EA17EA /* ChXParallaxAnimatedView.m */,
			);
			path = "ParallaxAnimatedView(视差动画视图)";
			sourceTree = "<group>";
		};
/* End PBXGroup section */

/* Begin PBXNativeTarget section */
		9535F0D921354E2300EA17EA /* ChXParallaxScrollViewDemo */ = {
			isa = PBXNativeTarget;
			buildConfigurationList = 9535F0F021354E2600EA17EA /* Build configuration list for PBXNativeTarget "ChXParallaxScrollViewDemo" */;
			buildPhases = (
				9535F0D621354E2300EA17EA /* Sources */,
				9535F0D721354E2300EA17EA /* Frameworks */,
				9535F0D821354E2300EA17EA /* Resources */,
			);
			buildRules = (
			);
			dependencies = (
			);
			name = ChXParallaxScrollViewDemo;
			productName = ChXParallaxScrollViewDemo;
			productReference = 9535F0DA21354E2300EA17EA /* ChXParallaxScrollViewDemo.app */;
			productType = "com.apple.product-type.application";
		};
/* End PBXNativeTarget section */

/* Begin PBXProject section */
		9535F0D221354E2300EA17EA /* Project object */ = {
			isa = PBXProject;
			attributes = {
				LastUpgradeCheck = 0940;
				ORGANIZATIONNAME = xu.yzl;
				TargetAttributes = {
					9535F0D921354E2300EA17EA = {
						CreatedOnToolsVersion = 9.4.1;
					};
				};
			};
			buildConfigurationList = 9535F0D521354E2300EA17EA /* Build configuration list for PBXProject "ChXParallaxScrollViewDemo" */;
			compatibilityVersion = "Xcode 9.3";
			developmentRegion = en;
			hasScannedForEncodings = 0;
			knownRegions = (
				en,
				Base,
			);
			mainGroup = 9535F0D121354E2300EA17EA;
			productRefGroup = 9535F0DB21354E2300EA17EA /* Products */;
			projectDirPath = "";
			projectRoot = "";
			targets = (
				9535F0D921354E2300EA17EA /* ChXParallaxScrollViewDemo */,
			);
		};
/* End PBXProject section */

/* Begin PBXResourcesBuildPhase section */
		9535F0D821354E2300EA17EA /* Resources */ = {
			isa = PBXResourcesBuildPhase;
			buildActionMask = 2147483647;
			files = (
				9535F0EA21354E2600EA17EA /* LaunchScreen.storyboard in Resources */,
				9535F0E721354E2600EA17EA /* Assets.xcassets in Resources */,
				9535F0E521354E2400EA17EA /* Main.storyboard in Resources */,
			);
			runOnlyForDeploymentPostprocessing = 0;
		};
/* End PBXResourcesBuildPhase section */

/* Begin PBXSourcesBuildPhase section */
		9535F0D621354E2300EA17EA /* Sources */ = {
			isa = PBXSourcesBuildPhase;
			buildActionMask = 2147483647;
			files = (
				9535F0E221354E2400EA17EA /* ViewController.m in Sources */,
				9535F0ED21354E2600EA17EA /* main.m in Sources */,
				9535F0DF21354E2400EA17EA /* AppDelegate.m in Sources */,
				9535F0F921354F2A00EA17EA /* ChXParallaxAnimatedView.m in Sources */,
			);
			runOnlyForDeploymentPostprocessing = 0;
		};
/* End PBXSourcesBuildPhase section */

/* Begin PBXVariantGroup section */
		9535F0E321354E2400EA17EA /* Main.storyboard */ = {
			isa = PBXVariantGroup;
			children = (
				9535F0E421354E2400EA17EA /* Base */,
			);
			name = Main.storyboard;
			sourceTree = "<group>";
		};
		9535F0E821354E2600EA17EA /* LaunchScreen.storyboard */ = {
			isa = PBXVariantGroup;
			children = (
				9535F0E921354E2600EA17EA /* Base */,
			);
			name = LaunchScreen.storyboard;
			sourceTree = "<group>";
		};
/* End PBXVariantGroup section */

/* Begin XCBuildConfiguration section */
		9535F0EE21354E2600EA17EA /* Debug */ = {
			isa = XCBuildConfiguration;
			buildSettings = {
				ALWAYS_SEARCH_USER_PATHS = NO;
				CLANG_ANALYZER_NONNULL = YES;
				CLANG_ANALYZER_NUMBER_OBJECT_CONVERSION = YES_AGGRESSIVE;
				CLANG_CXX_LANGUAGE_STANDARD = "gnu++14";
				CLANG_CXX_LIBRARY = "libc++";
				CLANG_ENABLE_MODULES = YES;
				CLANG_ENABLE_OBJC_ARC = YES;
				CLANG_ENABLE_OBJC_WEAK = YES;
				CLANG_WARN_BLOCK_CAPTURE_AUTORELEASING = YES;
				CLANG_WARN_BOOL_CONVERSION = YES;
				CLANG_WARN_COMMA = YES;
				CLANG_WARN_CONSTANT_CONVERSION = YES;
				CLANG_WARN_DEPRECATED_OBJC_IMPLEMENTATIONS = YES;
				CLANG_WARN_DIRECT_OBJC_ISA_USAGE = YES_ERROR;
				CLANG_WARN_DOCUMENTATION_COMMENTS = YES;
				CLANG_WARN_EMPTY_BODY = YES;
				CLANG_WARN_ENUM_CONVERSION = YES;
				CLANG_WARN_INFINITE_RECURSION = YES;
				CLANG_WARN_INT_CONVERSION = YES;
				CLANG_WARN_NON_LITERAL_NULL_CONVERSION = YES;
				CLANG_WARN_OBJC_IMPLICIT_RETAIN_SELF = YES;
				CLANG_WARN_OBJC_LITERAL_CONVERSION = YES;
				CLANG_WARN_OBJC_ROOT_CLASS = YES_ERROR;
				CLANG_WARN_RANGE_LOOP_ANALYSIS = YES;
				CLANG_WARN_STRICT_PROTOTYPES = YES;
				CLANG_WARN_SUSPICIOUS_MOVE = YES;
				CLANG_WARN_UNGUARDED_AVAILABILITY = YES_AGGRESSIVE;
				CLANG_WARN_UNREACHABLE_CODE = YES;
				CLANG_WARN__DUPLICATE_METHOD_MATCH = YES;
				CODE_SIGN_IDENTITY = "iPhone Developer";
				COPY_PHASE_STRIP = NO;
				DEBUG_INFORMATION_FORMAT = dwarf;
				ENABLE_STRICT_OBJC_MSGSEND = YES;
				ENABLE_TESTABILITY = YES;
				GCC_C_LANGUAGE_STANDARD = gnu11;
				GCC_DYNAMIC_NO_PIC = NO;
				GCC_NO_COMMON_BLOCKS = YES;
				GCC_OPTIMIZATION_LEVEL = 0;
				GCC_PREPROCESSOR_DEFINITIONS = (
					"DEBUG=1",
					"$(inherited)",
				);
				GCC_WARN_64_TO_32_BIT_CONVERSION = YES;
				GCC_WARN_ABOUT_RETURN_TYPE = YES_ERROR;
				GCC_WARN_UNDECLARED_SELECTOR = YES;
				GCC_WARN_UNINITIALIZED_AUTOS = YES_AGGRESSIVE;
				GCC_WARN_UNUSED_FUNCTION = YES;
				GCC_WARN_UNUSED_VARIABLE = YES;
				IPHONEOS_DEPLOYMENT_TARGET = 11.4;
				MTL_ENABLE_DEBUG_INFO = YES;
				ONLY_ACTIVE_ARCH = YES;
				SDKROOT = iphoneos;
			};
			name = Debug;
		};
		9535F0EF21354E2600EA17EA /* Release */ = {
			isa = XCBuildConfiguration;
			buildSettings = {
				ALWAYS_SEARCH_USER_PATHS = NO;
				CLANG_ANALYZER_NONNULL = YES;
				CLANG_ANALYZER_NUMBER_OBJECT_CONVERSION = YES_AGGRESSIVE;
				CLANG_CXX_LANGUAGE_STANDARD = "gnu++14";
				CLANG_CXX_LIBRARY = "libc++";
				CLANG_ENABLE_MODULES = YES;
				CLANG_ENABLE_OBJC_ARC = YES;
				CLANG_ENABLE_OBJC_WEAK = YES;
				CLANG_WARN_BLOCK_CAPTURE_AUTORELEASING = YES;
				CLANG_WARN_BOOL_CONVERSION = YES;
				CLANG_WARN_COMMA = YES;
				CLANG_WARN_CONSTANT_CONVERSION = YES;
				CLANG_WARN_DEPRECATED_OBJC_IMPLEMENTATIONS = YES;
				CLANG_WARN_DIRECT_OBJC_ISA_USAGE = YES_ERROR;
				CLANG_WARN_DOCUMENTATION_COMMENTS = YES;
				CLANG_WARN_EMPTY_BODY = YES;
				CLANG_WARN_ENUM_CONVERSION = YES;
				CLANG_WARN_INFINITE_RECURSION = YES;
				CLANG_WARN_INT_CONVERSION = YES;
				CLANG_WARN_NON_LITERAL_NULL_CONVERSION = YES;
				CLANG_WARN_OBJC_IMPLICIT_RETAIN_SELF = YES;
				CLANG_WARN_OBJC_LITERAL_CONVERSION = YES;
				CLANG_WARN_OBJC_ROOT_CLASS = YES_ERROR;
				CLANG_WARN_RANGE_LOOP_ANALYSIS = YES;
				CLANG_WARN_STRICT_PROTOTYPES = YES;
				CLANG_WARN_SUSPICIOUS_MOVE = YES;
				CLANG_WARN_UNGUARDED_AVAILABILITY = YES_AGGRESSIVE;
				CLANG_WARN_UNREACHABLE_CODE = YES;
				CLANG_WARN__DUPLICATE_METHOD_MATCH = YES;
				CODE_SIGN_IDENTITY = "iPhone Developer";
				COPY_PHASE_STRIP = NO;
				DEBUG_INFORMATION_FORMAT = "dwarf-with-dsym";
				ENABLE_NS_ASSERTIONS = NO;
				ENABLE_STRICT_OBJC_MSGSEND = YES;
				GCC_C_LANGUAGE_STANDARD = gnu11;
				GCC_NO_COMMON_BLOCKS = YES;
				GCC_WARN_64_TO_32_BIT_CONVERSION = YES;
				GCC_WARN_ABOUT_RETURN_TYPE = YES_ERROR;
				GCC_WARN_UNDECLARED_SELECTOR = YES;
				GCC_WARN_UNINITIALIZED_AUTOS = YES_AGGRESSIVE;
				GCC_WARN_UNUSED_FUNCTION = YES;
				GCC_WARN_UNUSED_VARIABLE = YES;
				IPHONEOS_DEPLOYMENT_TARGET = 11.4;
				MTL_ENABLE_DEBUG_INFO = NO;
				SDKROOT = iphoneos;
				VALIDATE_PRODUCT = YES;
			};
			name = Release;
		};
		9535F0F121354E2600EA17EA /* Debug */ = {
			isa = XCBuildConfiguration;
			buildSettings = {
				ASSETCATALOG_COMPILER_APPICON_NAME = AppIcon;
				CODE_SIGN_STYLE = Automatic;
				DEVELOPMENT_TEAM = 6GRN7HWGGT;
				INFOPLIST_FILE = ChXParallaxScrollViewDemo/Info.plist;
				LD_RUNPATH_SEARCH_PATHS = (
					"$(inherited)",
					"@executable_path/Frameworks",
				);
				PRODUCT_BUNDLE_IDENTIFIER = "georry-chen.ChXParallaxScrollViewDemo";
				PRODUCT_NAME = "$(TARGET_NAME)";
				TARGETED_DEVICE_FAMILY = "1,2";
			};
			name = Debug;
		};
		9535F0F221354E2600EA17EA /* Release */ = {
			isa = XCBuildConfiguration;
			buildSettings = {
				ASSETCATALOG_COMPILER_APPICON_NAME = AppIcon;
				CODE_SIGN_STYLE = Automatic;
				DEVELOPMENT_TEAM = 6GRN7HWGGT;
				INFOPLIST_FILE = ChXParallaxScrollViewDemo/Info.plist;
				LD_RUNPATH_SEARCH_PATHS = (
					"$(inherited)",
					"@executable_path/Frameworks",
				);
				PRODUCT_BUNDLE_IDENTIFIER = "georry-chen.ChXParallaxScrollViewDemo";
				PRODUCT_NAME = "$(TARGET_NAME)";
				TARGETED_DEVICE_FAMILY = "1,2";
			};
			name = Release;
		};
/* End XCBuildConfiguration section */

/* Begin XCConfigurationList section */
		9535F0D521354E2300EA17EA /* Build configuration list for PBXProject "ChXParallaxScrollViewDemo" */ = {
			isa = XCConfigurationList;
			buildConfigurations = (
				9535F0EE21354E2600EA17EA /* Debug */,
				9535F0EF21354E2600EA17EA /* Release */,
			);
			defaultConfigurationIsVisible = 0;
			defaultConfigurationName = Release;
		};
		9535F0F021354E2600EA17EA /* Build configuration list for PBXNativeTarget "ChXParallaxScrollViewDemo" */ = {
			isa = XCConfigurationList;
			buildConfigurations = (
				9535F0F121354E2600EA17EA /* Debug */,
				9535F0F221354E2600EA17EA /* Release */,
			);
			defaultConfigurationIsVisible = 0;
			defaultConfigurationName = Release;
		};
/* End XCConfigurationList section */
	};
	rootObject = 9535F0D221354E2300EA17EA /* Project object */;
}
